
Microsoft Visual Studio Solution File, Format Version 12.00
# Visual Studio 14
VisualStudioVersion = 14.0.25420.1
MinimumVisualStudioVersion = 10.0.40219.1
Project("{FAE04EC0-301F-11D3-BF4B-00C04F79EFBC}") = "StoreApp", "StoreApp\StoreApp.csproj", "{B993402C-EFAF-44B8-8967-C997BE4ED07D}"
EndProject
Project("{FAE04EC0-301F-11D3-BF4B-00C04F79EFBC}") = "StoreApp.Tests", "StoreApp.Tests\StoreApp.Tests.csproj", "{2978245E-7325-4A8E-9134-8FBBC2A21315}"
EndProject
Global
	GlobalSection(SolutionConfigurationPlatforms) = preSolution
		Debug|Any CPU = Debug|Any CPU
		Release|Any CPU = Release|Any CPU
	EndGlobalSection
	GlobalSection(ProjectConfigurationPlatforms) = postSolution
		{B993402C-EFAF-44B8-8967-C997BE4ED07D}.Debug|Any CPU.ActiveCfg = Debug|Any CPU
		{B993402C-EFAF-44B8-8967-C997BE4ED07D}.Debug|Any CPU.Build.0 = Debug|Any CPU
		{B993402C-EFAF-44B8-8967-C997BE4ED07D}.Release|Any CPU.ActiveCfg = Release|Any CPU
		{B993402C-EFAF-44B8-8967-C997BE4ED07D}.Release|Any CPU.Build.0 = Release|Any CPU
		{2978245E-7325-4A8E-9134-8FBBC2A21315}.Debug|Any CPU.ActiveCfg = Debug|Any CPU
		{2978245E-7325-4A8E-9134-8FBBC2A21315}.Debug|Any CPU.Build.0 = Debug|Any CPU
		{2978245E-7325-4A8E-9134-8FBBC2A21315}.Release|Any CPU.ActiveCfg = Release|Any CPU
		{2978245E-7325-4A8E-9134-8FBBC2A21315}.Release|Any CPU.Build.0 = Release|Any CPU
	EndGlobalSection
	GlobalSection(SolutionProperties) = preSolution
		HideSolutionNode = FALSE
	EndGlobalSection
EndGlobal
